// !$*UTF8*$!
{
	archiveVersion = 1;
	classes = {
	};
	objectVersion = 56;
	objects = {

/* Begin PBXBuildFile section */
		AAF100000000000000000001 /* SlideTimerApp.swift in Sources */ = {isa = PBXBuildFile; fileRef = AAF200000000000000000001 /* SlideTimerApp.swift */; };
		AAF100000000000000000002 /* AppDelegate.swift in Sources */ = {isa = PBXBuildFile; fileRef = AAF200000000000000000002 /* AppDelegate.swift */; };
		AAF100000000000000000003 /* TimerModel.swift in Sources */ = {isa = PBXBuildFile; fileRef = AAF200000000000000000003 /* TimerModel.swift */; };
		AAF100000000000000000004 /* OverlayPanelController.swift in Sources */ = {isa = PBXBuildFile; fileRef = AAF200000000000000000004 /* OverlayPanelController.swift */; };
		AAF100000000000000000005 /* SoundManager.swift in Sources */ = {isa = PBXBuildFile; fileRef = AAF200000000000000000005 /* SoundManager.swift */; };
		AAF100000000000000000007 /* Assets.xcassets in Resources */ = {isa = PBXBuildFile; fileRef = AAF200000000000000000007 /* Assets.xcassets */; };
		AAF10000000000000000000A /* AppearanceSettings.swift in Sources */ = {isa = PBXBuildFile; fileRef = AAF20000000000000000000A /* AppearanceSettings.swift */; };
		AAF10000000000000000000B /* ControlWindow.swift in Sources */ = {isa = PBXBuildFile; fileRef = AAF20000000000000000000B /* ControlWindow.swift */; };
		AAF10000000000000000000C /* TimerDisplay.swift in Sources */ = {isa = PBXBuildFile; fileRef = AAF20000000000000000000C /* TimerDisplay.swift */; };
		AAF10000000000000000000D /* PresetButton.swift in Sources */ = {isa = PBXBuildFile; fileRef = AAF20000000000000000000D /* PresetButton.swift */; };
		AAF10000000000000000000E /* OverlayView.swift in Sources */ = {isa = PBXBuildFile; fileRef = AAF20000000000000000000E /* OverlayView.swift */; };
/* End PBXBuildFile section */

/* Begin PBXFileReference section */
		AAF200000000000000000001 /* SlideTimerApp.swift */ = {isa = PBXFileReference; lastKnownFileType = sourcecode.swift; path = SlideTimerApp.swift; sourceTree = "<group>"; };
		AAF200000000000000000002 /* AppDelegate.swift */ = {isa = PBXFileReference; lastKnownFileType = sourcecode.swift; path = AppDelegate.swift; sourceTree = "<group>"; };
		AAF200000000000000000003 /* TimerModel.swift */ = {isa = PBXFileReference; lastKnownFileType = sourcecode.swift; path = TimerModel.swift; sourceTree = "<group>"; };
		AAF200000000000000000004 /* OverlayPanelController.swift */ = {isa = PBXFileReference; lastKnownFileType = sourcecode.swift; path = OverlayPanelController.swift; sourceTree = "<group>"; };
		AAF200000000000000000005 /* SoundManager.swift */ = {isa = PBXFileReference; lastKnownFileType = sourcecode.swift; path = SoundManager.swift; sourceTree = "<group>"; };
		AAF200000000000000000006 /* Info.plist */ = {isa = PBXFileReference; lastKnownFileType = text.plist.xml; path = Info.plist; sourceTree = "<group>"; };
		AAF200000000000000000007 /* Assets.xcassets */ = {isa = PBXFileReference; lastKnownFileType = folder.assetcatalog; path = Assets.xcassets; sourceTree = "<group>"; };
		AAF200000000000000000008 /* SlideTimer.app */ = {isa = PBXFileReference; explicitFileType = wrapper.application; includeInIndex = 0; path = SlideTimer.app; sourceTree = BUILT_PRODUCTS_DIR; };
		AAF20000000000000000000A /* AppearanceSettings.swift */ = {isa = PBXFileReference; lastKnownFileType = sourcecode.swift; path = AppearanceSettings.swift; sourceTree = "<group>"; };
		AAF20000000000000000000B /* ControlWindow.swift */ = {isa = PBXFileReference; lastKnownFileType = sourcecode.swift; path = ControlWindow.swift; sourceTree = "<group>"; };
		AAF20000000000000000000C /* TimerDisplay.swift */ = {isa = PBXFileReference; lastKnownFileType = sourcecode.swift; path = TimerDisplay.swift; sourceTree = "<group>"; };
		AAF20000000000000000000D /* PresetButton.swift */ = {isa = PBXFileReference; lastKnownFileType = sourcecode.swift; path = PresetButton.swift; sourceTree = "<group>"; };
		AAF20000000000000000000E /* OverlayView.swift */ = {isa = PBXFileReference; lastKnownFileType = sourcecode.swift; path = OverlayView.swift; sourceTree = "<group>"; };
/* End PBXFileReference section */

/* Begin PBXFrameworksBuildPhase section */
		AAF300000000000000000001 /* Frameworks */ = {
			isa = PBXFrameworksBuildPhase;
			buildActionMask = 2147483647;
			files = (
			);
			runOnlyForDeploymentPostprocessing = 0;
		};
/* End PBXFrameworksBuildPhase section */

/* Begin PBXGroup section */
		AAF400000000000000000001 /* MainGroup */ = {
			isa = PBXGroup;
			children = (
				AAF400000000000000000002 /* SlideTimer */,
				AAF200000000000000000007 /* Assets.xcassets */,
				AAF400000000000000000006 /* Products */,
			);
			sourceTree = "<group>";
		};
		AAF400000000000000000002 /* SlideTimer */ = {
			isa = PBXGroup;
			children = (
				AAF200000000000000000001 /* SlideTimerApp.swift */,
				AAF200000000000000000002 /* AppDelegate.swift */,
				AAF200000000000000000006 /* Info.plist */,
				AAF400000000000000000003 /* Models */,
				AAF400000000000000000004 /* Views */,
				AAF400000000000000000005 /* Utilities */,
			);
			path = SlideTimer;
			sourceTree = "<group>";
		};
		AAF400000000000000000003 /* Models */ = {
			isa = PBXGroup;
			children = (
				AAF200000000000000000003 /* TimerModel.swift */,
				AAF20000000000000000000A /* AppearanceSettings.swift */,
			);
			path = Models;
			sourceTree = "<group>";
		};
		AAF400000000000000000004 /* Views */ = {
			isa = PBXGroup;
			children = (
				AAF20000000000000000000B /* ControlWindow.swift */,
				AAF20000000000000000000C /* TimerDisplay.swift */,
				AAF20000000000000000000D /* PresetButton.swift */,
				AAF20000000000000000000E /* OverlayView.swift */,
			);
			path = Views;
			sourceTree = "<group>";
		};
		AAF400000000000000000005 /* Utilities */ = {
			isa = PBXGroup;
			children = (
				AAF200000000000000000004 /* OverlayPanelController.swift */,
				AAF200000000000000000005 /* SoundManager.swift */,
			);
			path = Utilities;
			sourceTree = "<group>";
		};
		AAF400000000000000000006 /* Products */ = {
			isa = PBXGroup;
			children = (
				AAF200000000000000000008 /* SlideTimer.app */,
			);
			name = Products;
			sourceTree = "<group>";
		};
/* End PBXGroup section */

/* Begin PBXNativeTarget section */
		AAF500000000000000000001 /* SlideTimer */ = {
			isa = PBXNativeTarget;
			buildConfigurationList = AAF700000000000000000002 /* Build configuration list for PBXNativeTarget "SlideTimer" */;
			buildPhases = (
				AAF300000000000000000002 /* Sources */,
				AAF300000000000000000001 /* Frameworks */,
				AAF300000000000000000003 /* Resources */,
			);
			buildRules = (
			);
			dependencies = (
			);
			name = SlideTimer;
			productName = SlideTimer;
			productReference = AAF200000000000000000008 /* SlideTimer.app */;
			productType = "com.apple.product-type.application";
		};
/* End PBXNativeTarget section */

/* Begin PBXProject section */
		AAF600000000000000000001 /* Project object */ = {
			isa = PBXProject;
			attributes = {
				BuildIndependentTargetsInParallel = 1;
				LastSwiftUpdateCheck = 1600;
				LastUpgradeCheck = 1600;
				TargetAttributes = {
					AAF500000000000000000001 = {
						CreatedOnToolsVersion = 16.0;
					};
				};
			};
			buildConfigurationList = AAF700000000000000000001 /* Build configuration list for PBXProject "SlideTimer" */;
			compatibilityVersion = "Xcode 14.0";
			developmentRegion = en;
			hasScannedForEncodings = 0;
			knownRegions = (
				en,
				Base,
			);
			mainGroup = AAF400000000000000000001 /* MainGroup */;
			productRefGroup = AAF400000000000000000006 /* Products */;
			projectDirPath = "";
			projectRoot = "";
			targets = (
				AAF500000000000000000001 /* SlideTimer */,
			);
		};
/* End PBXProject section */

/* Begin PBXResourcesBuildPhase section */
		AAF300000000000000000003 /* Resources */ = {
			isa = PBXResourcesBuildPhase;
			buildActionMask = 2147483647;
			files = (
				AAF100000000000000000007 /* Assets.xcassets in Resources */,
			);
			runOnlyForDeploymentPostprocessing = 0;
		};
/* End PBXResourcesBuildPhase section */

/* Begin PBXSourcesBuildPhase section */
		AAF300000000000000000002 /* Sources */ = {
			isa = PBXSourcesBuildPhase;
			buildActionMask = 2147483647;
			files = (
				AAF100000000000000000001 /* SlideTimerApp.swift in Sources */,
				AAF100000000000000000002 /* AppDelegate.swift in Sources */,
				AAF100000000000000000003 /* TimerModel.swift in Sources */,
				AAF100000000000000000004 /* OverlayPanelController.swift in Sources */,
				AAF100000000000000000005 /* SoundManager.swift in Sources */,
				AAF10000000000000000000A /* AppearanceSettings.swift in Sources */,
				AAF10000000000000000000B /* ControlWindow.swift in Sources */,
				AAF10000000000000000000C /* TimerDisplay.swift in Sources */,
				AAF10000000000000000000D /* PresetButton.swift in Sources */,
				AAF10000000000000000000E /* OverlayView.swift in Sources */,
			);
			runOnlyForDeploymentPostprocessing = 0;
		};
/* End PBXSourcesBuildPhase section */

/* Begin XCBuildConfiguration section */
		AAF800000000000000000001 /* Debug (Project) */ = {
			isa = XCBuildConfiguration;
			buildSettings = {
				ALWAYS_SEARCH_USER_PATHS = NO;
				ASSETCATALOG_COMPILER_GENERATE_SWIFT_ASSET_SYMBOL_EXTENSIONS = YES;
				CLANG_ANALYZER_NONNULL = YES;
				CLANG_ANALYZER_NUMBER_OBJECT_CONVERSION = YES_AGGRESSIVE;
				CLANG_CXX_LANGUAGE_STANDARD = "gnu++20";
				CLANG_ENABLE_MODULES = YES;
				CLANG_ENABLE_OBJC_ARC = YES;
				CLANG_ENABLE_OBJC_WEAK = YES;
				CLANG_WARN_BLOCK_CAPTURE_AUTORELEASING = YES;
				CLANG_WARN_BOOL_CONVERSION = YES;
				CLANG_WARN_COMMA = YES;
				CLANG_WARN_CONSTANT_CONVERSION = YES;
				CLANG_WARN_DEPRECATED_OBJC_IMPLEMENTATIONS = YES;
				CLANG_WARN_DIRECT_OBJC_ISA_USAGE = YES_ERROR;
				CLANG_WARN_DOCUMENTATION_COMMENTS = YES;
				CLANG_WARN_EMPTY_BODY = YES;
				CLANG_WARN_ENUM_CONVERSION = YES;
				CLANG_WARN_INFINITE_RECURSION = YES;
				CLANG_WARN_INT_CONVERSION = YES;
				CLANG_WARN_NON_LITERAL_NULL_CONVERSION = YES;
				CLANG_WARN_OBJC_IMPLICIT_RETAIN_CYCLE = YES;
				CLANG_WARN_OBJC_LITERAL_CONVERSION = YES;
				CLANG_WARN_OBJC_ROOT_CLASS = YES_ERROR;
				CLANG_WARN_QUOTED_INCLUDE_IN_FRAMEWORK_HEADER = YES;
				CLANG_WARN_RANGE_LOOP_ANALYSIS = YES;
				CLANG_WARN_STRICT_PROTOTYPES = YES;
				CLANG_WARN_SUSPICIOUS_MOVE = YES;
				CLANG_WARN_UNGUARDED_AVAILABILITY = YES_AGGRESSIVE;
				CLANG_WARN_UNREACHABLE_CODE = YES;
				CLANG_WARN__DUPLICATE_METHOD_MATCH = YES;
				COPY_PHASE_STRIP = NO;
				DEBUG_INFORMATION_FORMAT = dwarf;
				ENABLE_STRICT_OBJC_MSGSEND = YES;
				ENABLE_TESTABILITY = YES;
				ENABLE_USER_SCRIPT_SANDBOXING = YES;
				GCC_C_LANGUAGE_STANDARD = gnu17;
				GCC_DYNAMIC_NO_PIC = NO;
				GCC_NO_COMMON_BLOCKS = YES;
				GCC_OPTIMIZATION_LEVEL = 0;
				GCC_PREPROCESSOR_DEFINITIONS = (
					"DEBUG=1",
					"$(inherited)",
				);
				GCC_WARN_64_TO_32_BIT_CONVERSION = YES;
				GCC_WARN_ABOUT_RETURN_TYPE = YES_ERROR;
				GCC_WARN_UNDECLARED_SELECTOR = YES;
				GCC_WARN_UNINITIALIZED_AUTOS = YES_AGGRESSIVE;
				GCC_WARN_UNUSED_FUNCTION = YES;
				GCC_WARN_UNUSED_VARIABLE = YES;
				LOCALIZATION_PREFERS_STRING_CATALOGS = YES;
				MACOSX_DEPLOYMENT_TARGET = 15.0;
				MTL_ENABLE_DEBUG_INFO = INCLUDE_SOURCE;
				MTL_FAST_MATH = YES;
				ONLY_ACTIVE_ARCH = YES;
				SDKROOT = macosx;
				SWIFT_ACTIVE_COMPILATION_CONDITIONS = "DEBUG $(inherited)";
				SWIFT_OPTIMIZATION_LEVEL = "-Onone";
			};
			name = Debug;
		};
		AAF800000000000000000002 /* Release (Project) */ = {
			isa = XCBuildConfiguration;
			buildSettings = {
				ALWAYS_SEARCH_USER_PATHS = NO;
				ASSETCATALOG_COMPILER_GENERATE_SWIFT_ASSET_SYMBOL_EXTENSIONS = YES;
				CLANG_ANALYZER_NONNULL = YES;
				CLANG_ANALYZER_NUMBER_OBJECT_CONVERSION = YES_AGGRESSIVE;
				CLANG_CXX_LANGUAGE_STANDARD = "gnu++20";
				CLANG_ENABLE_MODULES = YES;
				CLANG_ENABLE_OBJC_ARC = YES;
				CLANG_ENABLE_OBJC_WEAK = YES;
				CLANG_WARN_BLOCK_CAPTURE_AUTORELEASING = YES;
				CLANG_WARN_BOOL_CONVERSION = YES;
				CLANG_WARN_COMMA = YES;
				CLANG_WARN_CONSTANT_CONVERSION = YES;
				CLANG_WARN_DEPRECATED_OBJC_IMPLEMENTATIONS = YES;
				CLANG_WARN_DIRECT_OBJC_ISA_USAGE = YES_ERROR;
				CLANG_WARN_DOCUMENTATION_COMMENTS = YES;
				CLANG_WARN_EMPTY_BODY = YES;
				CLANG_WARN_ENUM_CONVERSION = YES;
				CLANG_WARN_INFINITE_RECURSION = YES;
				CLANG_WARN_INT_CONVERSION = YES;
				CLANG_WARN_NON_LITERAL_NULL_CONVERSION = YES;
				CLANG_WARN_OBJC_IMPLICIT_RETAIN_CYCLE = YES;
				CLANG_WARN_OBJC_LITERAL_CONVERSION = YES;
				CLANG_WARN_OBJC_ROOT_CLASS = YES_ERROR;
				CLANG_WARN_QUOTED_INCLUDE_IN_FRAMEWORK_HEADER = YES;
				CLANG_WARN_RANGE_LOOP_ANALYSIS = YES;
				CLANG_WARN_STRICT_PROTOTYPES = YES;
				CLANG_WARN_SUSPICIOUS_MOVE = YES;
				CLANG_WARN_UNGUARDED_AVAILABILITY = YES_AGGRESSIVE;
				CLANG_WARN_UNREACHABLE_CODE = YES;
				CLANG_WARN__DUPLICATE_METHOD_MATCH = YES;
				COPY_PHASE_STRIP = NO;
				DEBUG_INFORMATION_FORMAT = "dwarf-with-dsym";
				ENABLE_NS_ASSERTIONS = NO;
				ENABLE_STRICT_OBJC_MSGSEND = YES;
				ENABLE_USER_SCRIPT_SANDBOXING = YES;
				GCC_C_LANGUAGE_STANDARD = gnu17;
				GCC_NO_COMMON_BLOCKS = YES;
				GCC_WARN_64_TO_32_BIT_CONVERSION = YES;
				GCC_WARN_ABOUT_RETURN_TYPE = YES_ERROR;
				GCC_WARN_UNDECLARED_SELECTOR = YES;
				GCC_WARN_UNINITIALIZED_AUTOS = YES_AGGRESSIVE;
				GCC_WARN_UNUSED_FUNCTION = YES;
				GCC_WARN_UNUSED_VARIABLE = YES;
				LOCALIZATION_PREFERS_STRING_CATALOGS = YES;
				MACOSX_DEPLOYMENT_TARGET = 15.0;
				MTL_FAST_MATH = YES;
				SDKROOT = macosx;
				SWIFT_COMPILATION_MODE = wholemodule;
			};
			name = Release;
		};
		AAF800000000000000000003 /* Debug (Target) */ = {
			isa = XCBuildConfiguration;
			buildSettings = {
				ASSETCATALOG_COMPILER_APPICON_NAME = AppIcon;
				ASSETCATALOG_COMPILER_GLOBAL_ACCENT_COLOR_NAME = AccentColor;
				CODE_SIGN_ENTITLEMENTS = "";
				CODE_SIGN_STYLE = Automatic;
				COMBINE_HIDPI_IMAGES = YES;
				CURRENT_PROJECT_VERSION = 1;
				GENERATE_INFOPLIST_FILE = NO;
				INFOPLIST_FILE = SlideTimer/Info.plist;
				LD_RUNPATH_SEARCH_PATHS = (
					"$(inherited)",
					"@executable_path/../Frameworks",
				);
				MARKETING_VERSION = 1.0;
				PRODUCT_BUNDLE_IDENTIFIER = com.slidetimer.app;
				PRODUCT_NAME = "$(TARGET_NAME)";
				SWIFT_EMIT_LOC_STRINGS = YES;
				SWIFT_VERSION = 6.0;
			};
			name = Debug;
		};
		AAF800000000000000000004 /* Release (Target) */ = {
			isa = XCBuildConfiguration;
			buildSettings = {
				ASSETCATALOG_COMPILER_APPICON_NAME = AppIcon;
				ASSETCATALOG_COMPILER_GLOBAL_ACCENT_COLOR_NAME = AccentColor;
				CODE_SIGN_ENTITLEMENTS = "";
				CODE_SIGN_STYLE = Automatic;
				COMBINE_HIDPI_IMAGES = YES;
				CURRENT_PROJECT_VERSION = 1;
				GENERATE_INFOPLIST_FILE = NO;
				INFOPLIST_FILE = SlideTimer/Info.plist;
				LD_RUNPATH_SEARCH_PATHS = (
					"$(inherited)",
					"@executable_path/../Frameworks",
				);
				MARKETING_VERSION = 1.0;
				PRODUCT_BUNDLE_IDENTIFIER = com.slidetimer.app;
				PRODUCT_NAME = "$(TARGET_NAME)";
				SWIFT_EMIT_LOC_STRINGS = YES;
				SWIFT_VERSION = 6.0;
			};
			name = Release;
		};
/* End XCBuildConfiguration section */

/* Begin XCConfigurationList section */
		AAF700000000000000000001 /* Build configuration list for PBXProject "SlideTimer" */ = {
			isa = XCConfigurationList;
			buildConfigurations = (
				AAF800000000000000000001 /* Debug */,
				AAF800000000000000000002 /* Release */,
			);
			defaultConfigurationIsVisible = 0;
			defaultConfigurationName = Release;
		};
		AAF700000000000000000002 /* Build configuration list for PBXNativeTarget "SlideTimer" */ = {
			isa = XCConfigurationList;
			buildConfigurations = (
				AAF800000000000000000003 /* Debug */,
				AAF800000000000000000004 /* Release */,
			);
			defaultConfigurationIsVisible = 0;
			defaultConfigurationName = Release;
		};
/* End XCConfigurationList section */

	};
	rootObject = AAF600000000000000000001 /* Project object */;
}
